// !$*UTF8*$!
{
	archiveVersion = 1;
	classes = {
	};
	objectVersion = 55;
	objects = {

/* Begin PBXBuildFile section */
		699D21AB56A02584DF86B8BC /* Pods_InteractiveChatApp.framework in Frameworks */ = {isa = PBXBuildFile; fileRef = 2EFC0F03CC8B4CA8FA6BC155 /* Pods_InteractiveChatApp.framework */; };
		8643F8FC273A4439004493BF /* AppDelegate.swift in Sources */ = {isa = PBXBuildFile; fileRef = 8643F8FB273A4439004493BF /* AppDelegate.swift */; };
		8643F8FE273A4439004493BF /* SceneDelegate.swift in Sources */ = {isa = PBXBuildFile; fileRef = 8643F8FD273A4439004493BF /* SceneDelegate.swift */; };
		8643F900273A4439004493BF /* ConversationsViewController.swift in Sources */ = {isa = PBXBuildFile; fileRef = 8643F8FF273A4439004493BF /* ConversationsViewController.swift */; };
		8643F903273A4439004493BF /* Main.storyboard in Resources */ = {isa = PBXBuildFile; fileRef = 8643F901273A4439004493BF /* Main.storyboard */; };
		8643F905273A4439004493BF /* Assets.xcassets in Resources */ = {isa = PBXBuildFile; fileRef = 8643F904273A4439004493BF /* Assets.xcassets */; };
		8643F908273A4439004493BF /* LaunchScreen.storyboard in Resources */ = {isa = PBXBuildFile; fileRef = 8643F906273A4439004493BF /* LaunchScreen.storyboard */; };
		8643F91A273AE51A004493BF /* LoginViewController.swift in Sources */ = {isa = PBXBuildFile; fileRef = 8643F919273AE51A004493BF /* LoginViewController.swift */; };
		8643F91C273AE52F004493BF /* RegisterViewController.swift in Sources */ = {isa = PBXBuildFile; fileRef = 8643F91B273AE52F004493BF /* RegisterViewController.swift */; };
		8643F91E273AE620004493BF /* PhotoViewerViewController.swift in Sources */ = {isa = PBXBuildFile; fileRef = 8643F91D273AE620004493BF /* PhotoViewerViewController.swift */; };
		8643F920273AE680004493BF /* VideoPlayerViewController.swift in Sources */ = {isa = PBXBuildFile; fileRef = 8643F91F273AE680004493BF /* VideoPlayerViewController.swift */; };
		8643F922273AE698004493BF /* NewConversationViewController.swift in Sources */ = {isa = PBXBuildFile; fileRef = 8643F921273AE698004493BF /* NewConversationViewController.swift */; };
		8643F924273AE6B0004493BF /* ProfileViewController.swift in Sources */ = {isa = PBXBuildFile; fileRef = 8643F923273AE6B0004493BF /* ProfileViewController.swift */; };
		8643F927273B8548004493BF /* Extensions.swift in Sources */ = {isa = PBXBuildFile; fileRef = 8643F926273B8548004493BF /* Extensions.swift */; };
		8643F929273E91B8004493BF /* GoogleService-Info.plist in Resources */ = {isa = PBXBuildFile; fileRef = 8643F928273E91B7004493BF /* GoogleService-Info.plist */; };
		8643F92B273EAAFB004493BF /* DatabaseManager.swift in Sources */ = {isa = PBXBuildFile; fileRef = 8643F92A273EAAFB004493BF /* DatabaseManager.swift */; };
/* End PBXBuildFile section */

/* Begin PBXFileReference section */
		2EFC0F03CC8B4CA8FA6BC155 /* Pods_InteractiveChatApp.framework */ = {isa = PBXFileReference; explicitFileType = wrapper.framework; includeInIndex = 0; path = Pods_InteractiveChatApp.framework; sourceTree = BUILT_PRODUCTS_DIR; };
		8643F8F8273A4439004493BF /* InteractiveChatApp.app */ = {isa = PBXFileReference; explicitFileType = wrapper.application; includeInIndex = 0; path = InteractiveChatApp.app; sourceTree = BUILT_PRODUCTS_DIR; };
		8643F8FB273A4439004493BF /* AppDelegate.swift */ = {isa = PBXFileReference; lastKnownFileType = sourcecode.swift; path = AppDelegate.swift; sourceTree = "<group>"; };
		8643F8FD273A4439004493BF /* SceneDelegate.swift */ = {isa = PBXFileReference; lastKnownFileType = sourcecode.swift; path = SceneDelegate.swift; sourceTree = "<group>"; };
		8643F8FF273A4439004493BF /* ConversationsViewController.swift */ = {isa = PBXFileReference; lastKnownFileType = sourcecode.swift; path = ConversationsViewController.swift; sourceTree = "<group>"; };
		8643F902273A4439004493BF /* Base */ = {isa = PBXFileReference; lastKnownFileType = file.storyboard; name = Base; path = Base.lproj/Main.storyboard; sourceTree = "<group>"; };
		8643F904273A4439004493BF /* Assets.xcassets */ = {isa = PBXFileReference; lastKnownFileType = folder.assetcatalog; path = Assets.xcassets; sourceTree = "<group>"; };
		8643F907273A4439004493BF /* Base */ = {isa = PBXFileReference; lastKnownFileType = file.storyboard; name = Base; path = Base.lproj/LaunchScreen.storyboard; sourceTree = "<group>"; };
		8643F909273A4439004493BF /* Info.plist */ = {isa = PBXFileReference; lastKnownFileType = text.plist.xml; path = Info.plist; sourceTree = "<group>"; };
		8643F919273AE51A004493BF /* LoginViewController.swift */ = {isa = PBXFileReference; lastKnownFileType = sourcecode.swift; path = LoginViewController.swift; sourceTree = "<group>"; };
		8643F91B273AE52F004493BF /* RegisterViewController.swift */ = {isa = PBXFileReference; lastKnownFileType = sourcecode.swift; path = RegisterViewController.swift; sourceTree = "<group>"; };
		8643F91D273AE620004493BF /* PhotoViewerViewController.swift */ = {isa = PBXFileReference; lastKnownFileType = sourcecode.swift; path = PhotoViewerViewController.swift; sourceTree = "<group>"; };
		8643F91F273AE680004493BF /* VideoPlayerViewController.swift */ = {isa = PBXFileReference; lastKnownFileType = sourcecode.swift; path = VideoPlayerViewController.swift; sourceTree = "<group>"; };
		8643F921273AE698004493BF /* NewConversationViewController.swift */ = {isa = PBXFileReference; lastKnownFileType = sourcecode.swift; path = NewConversationViewController.swift; sourceTree = "<group>"; };
		8643F923273AE6B0004493BF /* ProfileViewController.swift */ = {isa = PBXFileReference; lastKnownFileType = sourcecode.swift; path = ProfileViewController.swift; sourceTree = "<group>"; };
		8643F926273B8548004493BF /* Extensions.swift */ = {isa = PBXFileReference; lastKnownFileType = sourcecode.swift; path = Extensions.swift; sourceTree = "<group>"; };
		8643F928273E91B7004493BF /* GoogleService-Info.plist */ = {isa = PBXFileReference; fileEncoding = 4; lastKnownFileType = text.plist.xml; path = "GoogleService-Info.plist"; sourceTree = "<group>"; };
		8643F92A273EAAFB004493BF /* DatabaseManager.swift */ = {isa = PBXFileReference; lastKnownFileType = sourcecode.swift; path = DatabaseManager.swift; sourceTree = "<group>"; };
		BA9AD3EEC0C0C4E2EADDBD26 /* Pods-InteractiveChatApp.release.xcconfig */ = {isa = PBXFileReference; includeInIndex = 1; lastKnownFileType = text.xcconfig; name = "Pods-InteractiveChatApp.release.xcconfig"; path = "Target Support Files/Pods-InteractiveChatApp/Pods-InteractiveChatApp.release.xcconfig"; sourceTree = "<group>"; };
		F237B3932E1AB3CBCA1D1EC4 /* Pods-InteractiveChatApp.debug.xcconfig */ = {isa = PBXFileReference; includeInIndex = 1; lastKnownFileType = text.xcconfig; name = "Pods-InteractiveChatApp.debug.xcconfig"; path = "Target Support Files/Pods-InteractiveChatApp/Pods-InteractiveChatApp.debug.xcconfig"; sourceTree = "<group>"; };
/* End PBXFileReference section */

/* Begin PBXFrameworksBuildPhase section */
		8643F8F5273A4439004493BF /* Frameworks */ = {
			isa = PBXFrameworksBuildPhase;
			buildActionMask = 2147483647;
			files = (
				699D21AB56A02584DF86B8BC /* Pods_InteractiveChatApp.framework in Frameworks */,
			);
			runOnlyForDeploymentPostprocessing = 0;
		};
/* End PBXFrameworksBuildPhase section */

/* Begin PBXGroup section */
		5F396838429623DF1C1B8320 /* Pods */ = {
			isa = PBXGroup;
			children = (
				F237B3932E1AB3CBCA1D1EC4 /* Pods-InteractiveChatApp.debug.xcconfig */,
				BA9AD3EEC0C0C4E2EADDBD26 /* Pods-InteractiveChatApp.release.xcconfig */,
			);
			path = Pods;
			sourceTree = "<group>";
		};
		8643F8EF273A4439004493BF = {
			isa = PBXGroup;
			children = (
				8643F8FA273A4439004493BF /* InteractiveChatApp */,
				8643F915273AE1B0004493BF /* Products */,
				8643F8F9273A4439004493BF /* Products */,
				5F396838429623DF1C1B8320 /* Pods */,
				BD3017F1A536AD7E689057EA /* Frameworks */,
			);
			sourceTree = "<group>";
		};
		8643F8F9273A4439004493BF /* Products */ = {
			isa = PBXGroup;
			children = (
				8643F8F8273A4439004493BF /* InteractiveChatApp.app */,
			);
			name = Products;
			sourceTree = "<group>";
		};
		8643F8FA273A4439004493BF /* InteractiveChatApp */ = {
			isa = PBXGroup;
			children = (
				8643F917273AE1E3004493BF /* ViewModels */,
				8643F914273AE19C004493BF /* Resources */,
				8643F913273AE193004493BF /* Models */,
				8643F910273AE16E004493BF /* Views */,
				8643F90F273AE163004493BF /* Controllers */,
				8643F909273A4439004493BF /* Info.plist */,
				8643F928273E91B7004493BF /* GoogleService-Info.plist */,
			);
			path = InteractiveChatApp;
			sourceTree = "<group>";
		};
		8643F90F273AE163004493BF /* Controllers */ = {
			isa = PBXGroup;
			children = (
				8643F925273AE7B5004493BF /* Login */,
				8643F8FF273A4439004493BF /* ConversationsViewController.swift */,
				8643F91D273AE620004493BF /* PhotoViewerViewController.swift */,
				8643F91F273AE680004493BF /* VideoPlayerViewController.swift */,
				8643F921273AE698004493BF /* NewConversationViewController.swift */,
				8643F923273AE6B0004493BF /* ProfileViewController.swift */,
			);
			path = Controllers;
			sourceTree = "<group>";
		};
		8643F910273AE16E004493BF /* Views */ = {
			isa = PBXGroup;
			children = (
				8643F904273A4439004493BF /* Assets.xcassets */,
				8643F918273AE211004493BF /* Storyboards */,
			);
			path = Views;
			sourceTree = "<group>";
		};
		8643F913273AE193004493BF /* Models */ = {
			isa = PBXGroup;
			children = (
			);
			path = Models;
			sourceTree = "<group>";
		};
		8643F914273AE19C004493BF /* Resources */ = {
			isa = PBXGroup;
			children = (
				8643F8FB273A4439004493BF /* AppDelegate.swift */,
				8643F8FD273A4439004493BF /* SceneDelegate.swift */,
				8643F926273B8548004493BF /* Extensions.swift */,
				8643F92A273EAAFB004493BF /* DatabaseManager.swift */,
			);
			path = Resources;
			sourceTree = "<group>";
		};
		8643F915273AE1B0004493BF /* Products */ = {
			isa = PBXGroup;
			children = (
			);
			path = Products;
			sourceTree = "<group>";
		};
		8643F917273AE1E3004493BF /* ViewModels */ = {
			isa = PBXGroup;
			children = (
			);
			path = ViewModels;
			sourceTree = "<group>";
		};
		8643F918273AE211004493BF /* Storyboards */ = {
			isa = PBXGroup;
			children = (
				8643F901273A4439004493BF /* Main.storyboard */,
				8643F906273A4439004493BF /* LaunchScreen.storyboard */,
			);
			path = Storyboards;
			sourceTree = "<group>";
		};
		8643F925273AE7B5004493BF /* Login */ = {
			isa = PBXGroup;
			children = (
				8643F91B273AE52F004493BF /* RegisterViewController.swift */,
				8643F919273AE51A004493BF /* LoginViewController.swift */,
			);
			path = Login;
			sourceTree = "<group>";
		};
		BD3017F1A536AD7E689057EA /* Frameworks */ = {
			isa = PBXGroup;
			children = (
				2EFC0F03CC8B4CA8FA6BC155 /* Pods_InteractiveChatApp.framework */,
			);
			name = Frameworks;
			sourceTree = "<group>";
		};
/* End PBXGroup section */

/* Begin PBXNativeTarget section */
		8643F8F7273A4439004493BF /* InteractiveChatApp */ = {
			isa = PBXNativeTarget;
			buildConfigurationList = 8643F90C273A4439004493BF /* Build configuration list for PBXNativeTarget "InteractiveChatApp" */;
			buildPhases = (
				2C22EBD20A934F5DB0FC1D91 /* [CP] Check Pods Manifest.lock */,
				8643F8F4273A4439004493BF /* Sources */,
				8643F8F5273A4439004493BF /* Frameworks */,
				8643F8F6273A4439004493BF /* Resources */,
				8AD818C5C922D01C6D44CE45 /* [CP] Embed Pods Frameworks */,
			);
			buildRules = (
			);
			dependencies = (
			);
			name = InteractiveChatApp;
			productName = InteractiveChatApp;
			productReference = 8643F8F8273A4439004493BF /* InteractiveChatApp.app */;
			productType = "com.apple.product-type.application";
		};
/* End PBXNativeTarget section */

/* Begin PBXProject section */
		8643F8F0273A4439004493BF /* Project object */ = {
			isa = PBXProject;
			attributes = {
				BuildIndependentTargetsInParallel = 1;
				LastSwiftUpdateCheck = 1310;
				LastUpgradeCheck = 1310;
				TargetAttributes = {
					8643F8F7273A4439004493BF = {
						CreatedOnToolsVersion = 13.1;
					};
				};
			};
			buildConfigurationList = 8643F8F3273A4439004493BF /* Build configuration list for PBXProject "InteractiveChatApp" */;
			compatibilityVersion = "Xcode 13.0";
			developmentRegion = en;
			hasScannedForEncodings = 0;
			knownRegions = (
				en,
				Base,
			);
			mainGroup = 8643F8EF273A4439004493BF;
			productRefGroup = 8643F8F9273A4439004493BF /* Products */;
			projectDirPath = "";
			projectRoot = "";
			targets = (
				8643F8F7273A4439004493BF /* InteractiveChatApp */,
			);
		};
/* End PBXProject section */

/* Begin PBXResourcesBuildPhase section */
		8643F8F6273A4439004493BF /* Resources */ = {
			isa = PBXResourcesBuildPhase;
			buildActionMask = 2147483647;
			files = (
				8643F908273A4439004493BF /* LaunchScreen.storyboard in Resources */,
				8643F929273E91B8004493BF /* GoogleService-Info.plist in Resources */,
				8643F905273A4439004493BF /* Assets.xcassets in Resources */,
				8643F903273A4439004493BF /* Main.storyboard in Resources */,
			);
			runOnlyForDeploymentPostprocessing = 0;
		};
/* End PBXResourcesBuildPhase section */

/* Begin PBXShellScriptBuildPhase section */
		2C22EBD20A934F5DB0FC1D91 /* [CP] Check Pods Manifest.lock */ = {
			isa = PBXShellScriptBuildPhase;
			buildActionMask = 2147483647;
			files = (
			);
			inputFileListPaths = (
			);
			inputPaths = (
				"${PODS_PODFILE_DIR_PATH}/Podfile.lock",
				"${PODS_ROOT}/Manifest.lock",
			);
			name = "[CP] Check Pods Manifest.lock";
			outputFileListPaths = (
			);
			outputPaths = (
				"$(DERIVED_FILE_DIR)/Pods-InteractiveChatApp-checkManifestLockResult.txt",
			);
			runOnlyForDeploymentPostprocessing = 0;
			shellPath = /bin/sh;
			shellScript = "diff \"${PODS_PODFILE_DIR_PATH}/Podfile.lock\" \"${PODS_ROOT}/Manifest.lock\" > /dev/null\nif [ $? != 0 ] ; then\n    # print error to STDERR\n    echo \"error: The sandbox is not in sync with the Podfile.lock. Run 'pod install' or update your CocoaPods installation.\" >&2\n    exit 1\nfi\n# This output is used by Xcode 'outputs' to avoid re-running this script phase.\necho \"SUCCESS\" > \"${SCRIPT_OUTPUT_FILE_0}\"\n";
			showEnvVarsInLog = 0;
		};
		8AD818C5C922D01C6D44CE45 /* [CP] Embed Pods Frameworks */ = {
			isa = PBXShellScriptBuildPhase;
			buildActionMask = 2147483647;
			files = (
			);
			inputFileListPaths = (
				"${PODS_ROOT}/Target Support Files/Pods-InteractiveChatApp/Pods-InteractiveChatApp-frameworks-${CONFIGURATION}-input-files.xcfilelist",
			);
			name = "[CP] Embed Pods Frameworks";
			outputFileListPaths = (
				"${PODS_ROOT}/Target Support Files/Pods-InteractiveChatApp/Pods-InteractiveChatApp-frameworks-${CONFIGURATION}-output-files.xcfilelist",
			);
			runOnlyForDeploymentPostprocessing = 0;
			shellPath = /bin/sh;
			shellScript = "\"${PODS_ROOT}/Target Support Files/Pods-InteractiveChatApp/Pods-InteractiveChatApp-frameworks.sh\"\n";
			showEnvVarsInLog = 0;
		};
/* End PBXShellScriptBuildPhase section */

/* Begin PBXSourcesBuildPhase section */
		8643F8F4273A4439004493BF /* Sources */ = {
			isa = PBXSourcesBuildPhase;
			buildActionMask = 2147483647;
			files = (
				8643F91A273AE51A004493BF /* LoginViewController.swift in Sources */,
				8643F92B273EAAFB004493BF /* DatabaseManager.swift in Sources */,
				8643F91C273AE52F004493BF /* RegisterViewController.swift in Sources */,
				8643F922273AE698004493BF /* NewConversationViewController.swift in Sources */,
				8643F900273A4439004493BF /* ConversationsViewController.swift in Sources */,
				8643F920273AE680004493BF /* VideoPlayerViewController.swift in Sources */,
				8643F927273B8548004493BF /* Extensions.swift in Sources */,
				8643F8FC273A4439004493BF /* AppDelegate.swift in Sources */,
				8643F924273AE6B0004493BF /* ProfileViewController.swift in Sources */,
				8643F8FE273A4439004493BF /* SceneDelegate.swift in Sources */,
				8643F91E273AE620004493BF /* PhotoViewerViewController.swift in Sources */,
			);
			runOnlyForDeploymentPostprocessing = 0;
		};
/* End PBXSourcesBuildPhase section */

/* Begin PBXVariantGroup section */
		8643F901273A4439004493BF /* Main.storyboard */ = {
			isa = PBXVariantGroup;
			children = (
				8643F902273A4439004493BF /* Base */,
			);
			name = Main.storyboard;
			sourceTree = "<group>";
		};
		8643F906273A4439004493BF /* LaunchScreen.storyboard */ = {
			isa = PBXVariantGroup;
			children = (
				8643F907273A4439004493BF /* Base */,
			);
			name = LaunchScreen.storyboard;
			sourceTree = "<group>";
		};
/* End PBXVariantGroup section */

/* Begin XCBuildConfiguration section */
		8643F90A273A4439004493BF /* Debug */ = {
			isa = XCBuildConfiguration;
			buildSettings = {
				ALWAYS_SEARCH_USER_PATHS = NO;
				CLANG_ANALYZER_NONNULL = YES;
				CLANG_ANALYZER_NUMBER_OBJECT_CONVERSION = YES_AGGRESSIVE;
				CLANG_CXX_LANGUAGE_STANDARD = "gnu++17";
				CLANG_CXX_LIBRARY = "libc++";
				CLANG_ENABLE_MODULES = YES;
				CLANG_ENABLE_OBJC_ARC = YES;
				CLANG_ENABLE_OBJC_WEAK = YES;
				CLANG_WARN_BLOCK_CAPTURE_AUTORELEASING = YES;
				CLANG_WARN_BOOL_CONVERSION = YES;
				CLANG_WARN_COMMA = YES;
				CLANG_WARN_CONSTANT_CONVERSION = YES;
				CLANG_WARN_DEPRECATED_OBJC_IMPLEMENTATIONS = YES;
				CLANG_WARN_DIRECT_OBJC_ISA_USAGE = YES_ERROR;
				CLANG_WARN_DOCUMENTATION_COMMENTS = YES;
				CLANG_WARN_EMPTY_BODY = YES;
				CLANG_WARN_ENUM_CONVERSION = YES;
				CLANG_WARN_INFINITE_RECURSION = YES;
				CLANG_WARN_INT_CONVERSION = YES;
				CLANG_WARN_NON_LITERAL_NULL_CONVERSION = YES;
				CLANG_WARN_OBJC_IMPLICIT_RETAIN_SELF = YES;
				CLANG_WARN_OBJC_LITERAL_CONVERSION = YES;
				CLANG_WARN_OBJC_ROOT_CLASS = YES_ERROR;
				CLANG_WARN_QUOTED_INCLUDE_IN_FRAMEWORK_HEADER = YES;
				CLANG_WARN_RANGE_LOOP_ANALYSIS = YES;
				CLANG_WARN_STRICT_PROTOTYPES = YES;
				CLANG_WARN_SUSPICIOUS_MOVE = YES;
				CLANG_WARN_UNGUARDED_AVAILABILITY = YES_AGGRESSIVE;
				CLANG_WARN_UNREACHABLE_CODE = YES;
				CLANG_WARN__DUPLICATE_METHOD_MATCH = YES;
				COPY_PHASE_STRIP = NO;
				DEBUG_INFORMATION_FORMAT = dwarf;
				ENABLE_STRICT_OBJC_MSGSEND = YES;
				ENABLE_TESTABILITY = YES;
				GCC_C_LANGUAGE_STANDARD = gnu11;
				GCC_DYNAMIC_NO_PIC = NO;
				GCC_NO_COMMON_BLOCKS = YES;
				GCC_OPTIMIZATION_LEVEL = 0;
				GCC_PREPROCESSOR_DEFINITIONS = (
					"DEBUG=1",
					"$(inherited)",
				);
				GCC_WARN_64_TO_32_BIT_CONVERSION = YES;
				GCC_WARN_ABOUT_RETURN_TYPE = YES_ERROR;
				GCC_WARN_UNDECLARED_SELECTOR = YES;
				GCC_WARN_UNINITIALIZED_AUTOS = YES_AGGRESSIVE;
				GCC_WARN_UNUSED_FUNCTION = YES;
				GCC_WARN_UNUSED_VARIABLE = YES;
				IPHONEOS_DEPLOYMENT_TARGET = 13.0;
				MTL_ENABLE_DEBUG_INFO = INCLUDE_SOURCE;
				MTL_FAST_MATH = YES;
				ONLY_ACTIVE_ARCH = YES;
				SDKROOT = iphoneos;
				SWIFT_ACTIVE_COMPILATION_CONDITIONS = DEBUG;
				SWIFT_OPTIMIZATION_LEVEL = "-Onone";
			};
			name = Debug;
		};
		8643F90B273A4439004493BF /* Release */ = {
			isa = XCBuildConfiguration;
			buildSettings = {
				ALWAYS_SEARCH_USER_PATHS = NO;
				CLANG_ANALYZER_NONNULL = YES;
				CLANG_ANALYZER_NUMBER_OBJECT_CONVERSION = YES_AGGRESSIVE;
				CLANG_CXX_LANGUAGE_STANDARD = "gnu++17";
				CLANG_CXX_LIBRARY = "libc++";
				CLANG_ENABLE_MODULES = YES;
				CLANG_ENABLE_OBJC_ARC = YES;
				CLANG_ENABLE_OBJC_WEAK = YES;
				CLANG_WARN_BLOCK_CAPTURE_AUTORELEASING = YES;
				CLANG_WARN_BOOL_CONVERSION = YES;
				CLANG_WARN_COMMA = YES;
				CLANG_WARN_CONSTANT_CONVERSION = YES;
				CLANG_WARN_DEPRECATED_OBJC_IMPLEMENTATIONS = YES;
				CLANG_WARN_DIRECT_OBJC_ISA_USAGE = YES_ERROR;
				CLANG_WARN_DOCUMENTATION_COMMENTS = YES;
				CLANG_WARN_EMPTY_BODY = YES;
				CLANG_WARN_ENUM_CONVERSION = YES;
				CLANG_WARN_INFINITE_RECURSION = YES;
				CLANG_WARN_INT_CONVERSION = YES;
				CLANG_WARN_NON_LITERAL_NULL_CONVERSION = YES;
				CLANG_WARN_OBJC_IMPLICIT_RETAIN_SELF = YES;
				CLANG_WARN_OBJC_LITERAL_CONVERSION = YES;
				CLANG_WARN_OBJC_ROOT_CLASS = YES_ERROR;
				CLANG_WARN_QUOTED_INCLUDE_IN_FRAMEWORK_HEADER = YES;
				CLANG_WARN_RANGE_LOOP_ANALYSIS = YES;
				CLANG_WARN_STRICT_PROTOTYPES = YES;
				CLANG_WARN_SUSPICIOUS_MOVE = YES;
				CLANG_WARN_UNGUARDED_AVAILABILITY = YES_AGGRESSIVE;
				CLANG_WARN_UNREACHABLE_CODE = YES;
				CLANG_WARN__DUPLICATE_METHOD_MATCH = YES;
				COPY_PHASE_STRIP = NO;
				DEBUG_INFORMATION_FORMAT = "dwarf-with-dsym";
				ENABLE_NS_ASSERTIONS = NO;
				ENABLE_STRICT_OBJC_MSGSEND = YES;
				GCC_C_LANGUAGE_STANDARD = gnu11;
				GCC_NO_COMMON_BLOCKS = YES;
				GCC_WARN_64_TO_32_BIT_CONVERSION = YES;
				GCC_WARN_ABOUT_RETURN_TYPE = YES_ERROR;
				GCC_WARN_UNDECLARED_SELECTOR = YES;
				GCC_WARN_UNINITIALIZED_AUTOS = YES_AGGRESSIVE;
				GCC_WARN_UNUSED_FUNCTION = YES;
				GCC_WARN_UNUSED_VARIABLE = YES;
				IPHONEOS_DEPLOYMENT_TARGET = 13.0;
				MTL_ENABLE_DEBUG_INFO = NO;
				MTL_FAST_MATH = YES;
				SDKROOT = iphoneos;
				SWIFT_COMPILATION_MODE = wholemodule;
				SWIFT_OPTIMIZATION_LEVEL = "-O";
				VALIDATE_PRODUCT = YES;
			};
			name = Release;
		};
		8643F90D273A4439004493BF /* Debug */ = {
			isa = XCBuildConfiguration;
			baseConfigurationReference = F237B3932E1AB3CBCA1D1EC4 /* Pods-InteractiveChatApp.debug.xcconfig */;
			buildSettings = {
				ASSETCATALOG_COMPILER_APPICON_NAME = AppIcon;
				ASSETCATALOG_COMPILER_GLOBAL_ACCENT_COLOR_NAME = AccentColor;
				CODE_SIGN_STYLE = Automatic;
				CURRENT_PROJECT_VERSION = 1;
				DEVELOPMENT_TEAM = W73VC646HG;
				GENERATE_INFOPLIST_FILE = YES;
				INFOPLIST_FILE = InteractiveChatApp/Info.plist;
				INFOPLIST_KEY_UIApplicationSupportsIndirectInputEvents = YES;
				INFOPLIST_KEY_UILaunchStoryboardName = LaunchScreen;
				INFOPLIST_KEY_UIMainStoryboardFile = Main;
				INFOPLIST_KEY_UISupportedInterfaceOrientations = UIInterfaceOrientationPortrait;
				INFOPLIST_KEY_UISupportedInterfaceOrientations_iPad = "UIInterfaceOrientationPortrait UIInterfaceOrientationPortraitUpsideDown";
				INFOPLIST_KEY_UISupportedInterfaceOrientations_iPhone = UIInterfaceOrientationPortrait;
				LD_RUNPATH_SEARCH_PATHS = (
					"$(inherited)",
					"@executable_path/Frameworks",
				);
				MARKETING_VERSION = 1.0;
				PRODUCT_BUNDLE_IDENTIFIER = com.YongqiChao.InteractiveChatApp;
				PRODUCT_NAME = "$(TARGET_NAME)";
				SWIFT_EMIT_LOC_STRINGS = YES;
				SWIFT_VERSION = 5.0;
				TARGETED_DEVICE_FAMILY = "1,2";
			};
			name = Debug;
		};
		8643F90E273A4439004493BF /* Release */ = {
			isa = XCBuildConfiguration;
			baseConfigurationReference = BA9AD3EEC0C0C4E2EADDBD26 /* Pods-InteractiveChatApp.release.xcconfig */;
			buildSettings = {
				ASSETCATALOG_COMPILER_APPICON_NAME = AppIcon;
				ASSETCATALOG_COMPILER_GLOBAL_ACCENT_COLOR_NAME = AccentColor;
				CODE_SIGN_STYLE = Automatic;
				CURRENT_PROJECT_VERSION = 1;
				DEVELOPMENT_TEAM = W73VC646HG;
				GENERATE_INFOPLIST_FILE = YES;
				INFOPLIST_FILE = InteractiveChatApp/Info.plist;
				INFOPLIST_KEY_UIApplicationSupportsIndirectInputEvents = YES;
				INFOPLIST_KEY_UILaunchStoryboardName = LaunchScreen;
				INFOPLIST_KEY_UIMainStoryboardFile = Main;
				INFOPLIST_KEY_UISupportedInterfaceOrientations = UIInterfaceOrientationPortrait;
				INFOPLIST_KEY_UISupportedInterfaceOrientations_iPad = "UIInterfaceOrientationPortrait UIInterfaceOrientationPortraitUpsideDown";
				INFOPLIST_KEY_UISupportedInterfaceOrientations_iPhone = UIInterfaceOrientationPortrait;
				LD_RUNPATH_SEARCH_PATHS = (
					"$(inherited)",
					"@executable_path/Frameworks",
				);
				MARKETING_VERSION = 1.0;
				PRODUCT_BUNDLE_IDENTIFIER = com.YongqiChao.InteractiveChatApp;
				PRODUCT_NAME = "$(TARGET_NAME)";
				SWIFT_EMIT_LOC_STRINGS = YES;
				SWIFT_VERSION = 5.0;
				TARGETED_DEVICE_FAMILY = "1,2";
			};
			name = Release;
		};
/* End XCBuildConfiguration section */

/* Begin XCConfigurationList section */
		8643F8F3273A4439004493BF /* Build configuration list for PBXProject "InteractiveChatApp" */ = {
			isa = XCConfigurationList;
			buildConfigurations = (
				8643F90A273A4439004493BF /* Debug */,
				8643F90B273A4439004493BF /* Release */,
			);
			defaultConfigurationIsVisible = 0;
			defaultConfigurationName = Release;
		};
		8643F90C273A4439004493BF /* Build configuration list for PBXNativeTarget "InteractiveChatApp" */ = {
			isa = XCConfigurationList;
			buildConfigurations = (
				8643F90D273A4439004493BF /* Debug */,
				8643F90E273A4439004493BF /* Release */,
			);
			defaultConfigurationIsVisible = 0;
			defaultConfigurationName = Release;
		};
/* End XCConfigurationList section */
	};
	rootObject = 8643F8F0273A4439004493BF /* Project object */;
}
